
Microsoft Visual Studio Solution File, Format Version 12.00
# Visual Studio 15
VisualStudioVersion = 15.0.28307.136
MinimumVisualStudioVersion = 10.0.40219.1
Project("{FAE04EC0-301F-11D3-BF4B-00C04F79EFBC}") = "Nurikabe_Brute", "nur-brute\GenerateNurikabe\Nurikabe_Brute.csproj", "{9C4F54E0-A1EF-43CC-9FAE-3F016C082D0D}"
EndProject
Project("{FAE04EC0-301F-11D3-BF4B-00C04F79EFBC}") = "Nurikabe_Prune", "nur-prune\Nurikabe_Prune.csproj", "{B4A2BB78-6DAC-4317-BC62-7602C32E2B86}"
EndProject
Global
	GlobalSection(SolutionConfigurationPlatforms) = preSolution
		Debug|Any CPU = Debug|Any CPU
		Debug|x64 = Debug|x64
		Debug|x86 = Debug|x86
		Release|Any CPU = Release|Any CPU
		Release|x64 = Release|x64
		Release|x86 = Release|x86
	EndGlobalSection
	GlobalSection(ProjectConfigurationPlatforms) = postSolution
		{9C4F54E0-A1EF-43CC-9FAE-3F016C082D0D}.Debug|Any CPU.ActiveCfg = Debug|Any CPU
		{9C4F54E0-A1EF-43CC-9FAE-3F016C082D0D}.Debug|Any CPU.Build.0 = Debug|Any CPU
		{9C4F54E0-A1EF-43CC-9FAE-3F016C082D0D}.Debug|x64.ActiveCfg = Debug|Any CPU
		{9C4F54E0-A1EF-43CC-9FAE-3F016C082D0D}.Debug|x64.Build.0 = Debug|Any CPU
		{9C4F54E0-A1EF-43CC-9FAE-3F016C082D0D}.Debug|x86.ActiveCfg = Debug|Any CPU
		{9C4F54E0-A1EF-43CC-9FAE-3F016C082D0D}.Debug|x86.Build.0 = Debug|Any CPU
		{9C4F54E0-A1EF-43CC-9FAE-3F016C082D0D}.Release|Any CPU.ActiveCfg = Release|Any CPU
		{9C4F54E0-A1EF-43CC-9FAE-3F016C082D0D}.Release|Any CPU.Build.0 = Release|Any CPU
		{9C4F54E0-A1EF-43CC-9FAE-3F016C082D0D}.Release|x64.ActiveCfg = Release|Any CPU
		{9C4F54E0-A1EF-43CC-9FAE-3F016C082D0D}.Release|x64.Build.0 = Release|Any CPU
		{9C4F54E0-A1EF-43CC-9FAE-3F016C082D0D}.Release|x86.ActiveCfg = Release|Any CPU
		{9C4F54E0-A1EF-43CC-9FAE-3F016C082D0D}.Release|x86.Build.0 = Release|Any CPU
		{B4A2BB78-6DAC-4317-BC62-7602C32E2B86}.Debug|Any CPU.ActiveCfg = Debug|Any CPU
		{B4A2BB78-6DAC-4317-BC62-7602C32E2B86}.Debug|Any CPU.Build.0 = Debug|Any CPU
		{B4A2BB78-6DAC-4317-BC62-7602C32E2B86}.Debug|x64.ActiveCfg = Debug|Any CPU
		{B4A2BB78-6DAC-4317-BC62-7602C32E2B86}.Debug|x64.Build.0 = Debug|Any CPU
		{B4A2BB78-6DAC-4317-BC62-7602C32E2B86}.Debug|x86.ActiveCfg = Debug|Any CPU
		{B4A2BB78-6DAC-4317-BC62-7602C32E2B86}.Debug|x86.Build.0 = Debug|Any CPU
		{B4A2BB78-6DAC-4317-BC62-7602C32E2B86}.Release|Any CPU.ActiveCfg = Release|Any CPU
		{B4A2BB78-6DAC-4317-BC62-7602C32E2B86}.Release|Any CPU.Build.0 = Release|Any CPU
		{B4A2BB78-6DAC-4317-BC62-7602C32E2B86}.Release|x64.ActiveCfg = Release|Any CPU
		{B4A2BB78-6DAC-4317-BC62-7602C32E2B86}.Release|x64.Build.0 = Release|Any CPU
		{B4A2BB78-6DAC-4317-BC62-7602C32E2B86}.Release|x86.ActiveCfg = Release|Any CPU
		{B4A2BB78-6DAC-4317-BC62-7602C32E2B86}.Release|x86.Build.0 = Release|Any CPU
	EndGlobalSection
	GlobalSection(SolutionProperties) = preSolution
		HideSolutionNode = FALSE
	EndGlobalSection
	GlobalSection(ExtensibilityGlobals) = postSolution
		SolutionGuid = {366BFDA5-4CE0-437E-B2EF-A2E98CA57F41}
	EndGlobalSection
EndGlobal
